// !$*UTF8*$!
{
	archiveVersion = 1;
	classes = {
	};
	objectVersion = 50;
	objects = {

/* Begin PBXBuildFile section */
		BB360C7E26AB3E45003B6CAF /* AppDelegate.swift in Sources */ = {isa = PBXBuildFile; fileRef = BB360C7D26AB3E45003B6CAF /* AppDelegate.swift */; };
		BB360C8026AB3E45003B6CAF /* SceneDelegate.swift in Sources */ = {isa = PBXBuildFile; fileRef = BB360C7F26AB3E45003B6CAF /* SceneDelegate.swift */; };
		BB360C8526AB3E45003B6CAF /* Main.storyboard in Resources */ = {isa = PBXBuildFile; fileRef = BB360C8326AB3E45003B6CAF /* Main.storyboard */; };
		BB360C8726AB3E46003B6CAF /* Assets.xcassets in Resources */ = {isa = PBXBuildFile; fileRef = BB360C8626AB3E46003B6CAF /* Assets.xcassets */; };
		BB360C8A26AB3E46003B6CAF /* LaunchScreen.storyboard in Resources */ = {isa = PBXBuildFile; fileRef = BB360C8826AB3E46003B6CAF /* LaunchScreen.storyboard */; };
		BB360C9326AB3E7A003B6CAF /* MasterTableViewController.swift in Sources */ = {isa = PBXBuildFile; fileRef = BB360C9226AB3E7A003B6CAF /* MasterTableViewController.swift */; };
		BB360C9526AB3F13003B6CAF /* DetailTableViewController.swift in Sources */ = {isa = PBXBuildFile; fileRef = BB360C9426AB3F12003B6CAF /* DetailTableViewController.swift */; };
		BB360C9726AB4353003B6CAF /* Album.swift in Sources */ = {isa = PBXBuildFile; fileRef = BB360C9626AB4353003B6CAF /* Album.swift */; };
		BB360C9F26AB4C5C003B6CAF /* APIManager.swift in Sources */ = {isa = PBXBuildFile; fileRef = BB360C9E26AB4C5C003B6CAF /* APIManager.swift */; };
/* End PBXBuildFile section */

/* Begin PBXFileReference section */
		BB360C7A26AB3E45003B6CAF /* Mobelux.app */ = {isa = PBXFileReference; explicitFileType = wrapper.application; includeInIndex = 0; path = Mobelux.app; sourceTree = BUILT_PRODUCTS_DIR; };
		BB360C7D26AB3E45003B6CAF /* AppDelegate.swift */ = {isa = PBXFileReference; lastKnownFileType = sourcecode.swift; path = AppDelegate.swift; sourceTree = "<group>"; };
		BB360C7F26AB3E45003B6CAF /* SceneDelegate.swift */ = {isa = PBXFileReference; lastKnownFileType = sourcecode.swift; path = SceneDelegate.swift; sourceTree = "<group>"; };
		BB360C8426AB3E45003B6CAF /* Base */ = {isa = PBXFileReference; lastKnownFileType = file.storyboard; name = Base; path = Base.lproj/Main.storyboard; sourceTree = "<group>"; };
		BB360C8626AB3E46003B6CAF /* Assets.xcassets */ = {isa = PBXFileReference; lastKnownFileType = folder.assetcatalog; path = Assets.xcassets; sourceTree = "<group>"; };
		BB360C8926AB3E46003B6CAF /* Base */ = {isa = PBXFileReference; lastKnownFileType = file.storyboard; name = Base; path = Base.lproj/LaunchScreen.storyboard; sourceTree = "<group>"; };
		BB360C8B26AB3E46003B6CAF /* Info.plist */ = {isa = PBXFileReference; lastKnownFileType = text.plist.xml; path = Info.plist; sourceTree = "<group>"; };
		BB360C9126AB3E51003B6CAF /* Mobelux.entitlements */ = {isa = PBXFileReference; lastKnownFileType = text.plist.entitlements; path = Mobelux.entitlements; sourceTree = "<group>"; };
		BB360C9226AB3E7A003B6CAF /* MasterTableViewController.swift */ = {isa = PBXFileReference; lastKnownFileType = sourcecode.swift; path = MasterTableViewController.swift; sourceTree = "<group>"; };
		BB360C9426AB3F12003B6CAF /* DetailTableViewController.swift */ = {isa = PBXFileReference; lastKnownFileType = sourcecode.swift; path = DetailTableViewController.swift; sourceTree = "<group>"; };
		BB360C9626AB4353003B6CAF /* Album.swift */ = {isa = PBXFileReference; lastKnownFileType = sourcecode.swift; path = Album.swift; sourceTree = "<group>"; };
		BB360C9E26AB4C5C003B6CAF /* APIManager.swift */ = {isa = PBXFileReference; lastKnownFileType = sourcecode.swift; path = APIManager.swift; sourceTree = "<group>"; };
/* End PBXFileReference section */

/* Begin PBXFrameworksBuildPhase section */
		BB360C7726AB3E45003B6CAF /* Frameworks */ = {
			isa = PBXFrameworksBuildPhase;
			buildActionMask = 2147483647;
			files = (
			);
			runOnlyForDeploymentPostprocessing = 0;
		};
/* End PBXFrameworksBuildPhase section */

/* Begin PBXGroup section */
		BB360C7126AB3E45003B6CAF = {
			isa = PBXGroup;
			children = (
				BB360C7C26AB3E45003B6CAF /* Mobelux */,
				BB360C7B26AB3E45003B6CAF /* Products */,
			);
			sourceTree = "<group>";
		};
		BB360C7B26AB3E45003B6CAF /* Products */ = {
			isa = PBXGroup;
			children = (
				BB360C7A26AB3E45003B6CAF /* Mobelux.app */,
			);
			name = Products;
			sourceTree = "<group>";
		};
		BB360C7C26AB3E45003B6CAF /* Mobelux */ = {
			isa = PBXGroup;
			children = (
				BB360C9126AB3E51003B6CAF /* Mobelux.entitlements */,
				BB360C9C26AB4ADE003B6CAF /* User Interface */,
				BB360C9B26AB4AD1003B6CAF /* Controller */,
				BB360C9A26AB4A7D003B6CAF /* Model */,
				BB360C8626AB3E46003B6CAF /* Assets.xcassets */,
				BB360C8B26AB3E46003B6CAF /* Info.plist */,
			);
			path = Mobelux;
			sourceTree = "<group>";
		};
		BB360C9A26AB4A7D003B6CAF /* Model */ = {
			isa = PBXGroup;
			children = (
				BB360C9E26AB4C5C003B6CAF /* APIManager.swift */,
				BB360C7D26AB3E45003B6CAF /* AppDelegate.swift */,
				BB360C9626AB4353003B6CAF /* Album.swift */,
				BB360C7F26AB3E45003B6CAF /* SceneDelegate.swift */,
			);
			path = Model;
			sourceTree = "<group>";
		};
		BB360C9B26AB4AD1003B6CAF /* Controller */ = {
			isa = PBXGroup;
			children = (
				BB360C9226AB3E7A003B6CAF /* MasterTableViewController.swift */,
				BB360C9426AB3F12003B6CAF /* DetailTableViewController.swift */,
			);
			path = Controller;
			sourceTree = "<group>";
		};
		BB360C9C26AB4ADE003B6CAF /* User Interface */ = {
			isa = PBXGroup;
			children = (
				BB360C8326AB3E45003B6CAF /* Main.storyboard */,
				BB360C8826AB3E46003B6CAF /* LaunchScreen.storyboard */,
			);
			path = "User Interface";
			sourceTree = "<group>";
		};
/* End PBXGroup section */

/* Begin PBXNativeTarget section */
		BB360C7926AB3E45003B6CAF /* Mobelux */ = {
			isa = PBXNativeTarget;
			buildConfigurationList = BB360C8E26AB3E46003B6CAF /* Build configuration list for PBXNativeTarget "Mobelux" */;
			buildPhases = (
				BB360C7626AB3E45003B6CAF /* Sources */,
				BB360C7726AB3E45003B6CAF /* Frameworks */,
				BB360C7826AB3E45003B6CAF /* Resources */,
			);
			buildRules = (
			);
			dependencies = (
			);
			name = Mobelux;
			productName = Mobelux;
			productReference = BB360C7A26AB3E45003B6CAF /* Mobelux.app */;
			productType = "com.apple.product-type.application";
		};
/* End PBXNativeTarget section */

/* Begin PBXProject section */
		BB360C7226AB3E45003B6CAF /* Project object */ = {
			isa = PBXProject;
			attributes = {
				LastSwiftUpdateCheck = 1250;
				LastUpgradeCheck = 1250;
				TargetAttributes = {
					BB360C7926AB3E45003B6CAF = {
						CreatedOnToolsVersion = 12.5;
					};
				};
			};
			buildConfigurationList = BB360C7526AB3E45003B6CAF /* Build configuration list for PBXProject "Mobelux" */;
			compatibilityVersion = "Xcode 9.3";
			developmentRegion = en;
			hasScannedForEncodings = 0;
			knownRegions = (
				en,
				Base,
			);
			mainGroup = BB360C7126AB3E45003B6CAF;
			productRefGroup = BB360C7B26AB3E45003B6CAF /* Products */;
			projectDirPath = "";
			projectRoot = "";
			targets = (
				BB360C7926AB3E45003B6CAF /* Mobelux */,
			);
		};
/* End PBXProject section */

/* Begin PBXResourcesBuildPhase section */
		BB360C7826AB3E45003B6CAF /* Resources */ = {
			isa = PBXResourcesBuildPhase;
			buildActionMask = 2147483647;
			files = (
				BB360C8A26AB3E46003B6CAF /* LaunchScreen.storyboard in Resources */,
				BB360C8726AB3E46003B6CAF /* Assets.xcassets in Resources */,
				BB360C8526AB3E45003B6CAF /* Main.storyboard in Resources */,
			);
			runOnlyForDeploymentPostprocessing = 0;
		};
/* End PBXResourcesBuildPhase section */

/* Begin PBXSourcesBuildPhase section */
		BB360C7626AB3E45003B6CAF /* Sources */ = {
			isa = PBXSourcesBuildPhase;
			buildActionMask = 2147483647;
			files = (
				BB360C9F26AB4C5C003B6CAF /* APIManager.swift in Sources */,
				BB360C9526AB3F13003B6CAF /* DetailTableViewController.swift in Sources */,
				BB360C7E26AB3E45003B6CAF /* AppDelegate.swift in Sources */,
				BB360C9326AB3E7A003B6CAF /* MasterTableViewController.swift in Sources */,
				BB360C8026AB3E45003B6CAF /* SceneDelegate.swift in Sources */,
				BB360C9726AB4353003B6CAF /* Album.swift in Sources */,
			);
			runOnlyForDeploymentPostprocessing = 0;
		};
/* End PBXSourcesBuildPhase section */

/* Begin PBXVariantGroup section */
		BB360C8326AB3E45003B6CAF /* Main.storyboard */ = {
			isa = PBXVariantGroup;
			children = (
				BB360C8426AB3E45003B6CAF /* Base */,
			);
			name = Main.storyboard;
			sourceTree = "<group>";
		};
		BB360C8826AB3E46003B6CAF /* LaunchScreen.storyboard */ = {
			isa = PBXVariantGroup;
			children = (
				BB360C8926AB3E46003B6CAF /* Base */,
			);
			name = LaunchScreen.storyboard;
			sourceTree = "<group>";
		};
/* End PBXVariantGroup section */

/* Begin XCBuildConfiguration section */
		BB360C8C26AB3E46003B6CAF /* Debug */ = {
			isa = XCBuildConfiguration;
			buildSettings = {
				ALWAYS_SEARCH_USER_PATHS = NO;
				CLANG_ANALYZER_NONNULL = YES;
				CLANG_ANALYZER_NUMBER_OBJECT_CONVERSION = YES_AGGRESSIVE;
				CLANG_CXX_LANGUAGE_STANDARD = "gnu++14";
				CLANG_CXX_LIBRARY = "libc++";
				CLANG_ENABLE_MODULES = YES;
				CLANG_ENABLE_OBJC_ARC = YES;
				CLANG_ENABLE_OBJC_WEAK = YES;
				CLANG_WARN_BLOCK_CAPTURE_AUTORELEASING = YES;
				CLANG_WARN_BOOL_CONVERSION = YES;
				CLANG_WARN_COMMA = YES;
				CLANG_WARN_CONSTANT_CONVERSION = YES;
				CLANG_WARN_DEPRECATED_OBJC_IMPLEMENTATIONS = YES;
				CLANG_WARN_DIRECT_OBJC_ISA_USAGE = YES_ERROR;
				CLANG_WARN_DOCUMENTATION_COMMENTS = YES;
				CLANG_WARN_EMPTY_BODY = YES;
				CLANG_WARN_ENUM_CONVERSION = YES;
				CLANG_WARN_INFINITE_RECURSION = YES;
				CLANG_WARN_INT_CONVERSION = YES;
				CLANG_WARN_NON_LITERAL_NULL_CONVERSION = YES;
				CLANG_WARN_OBJC_IMPLICIT_RETAIN_SELF = YES;
				CLANG_WARN_OBJC_LITERAL_CONVERSION = YES;
				CLANG_WARN_OBJC_ROOT_CLASS = YES_ERROR;
				CLANG_WARN_QUOTED_INCLUDE_IN_FRAMEWORK_HEADER = YES;
				CLANG_WARN_RANGE_LOOP_ANALYSIS = YES;
				CLANG_WARN_STRICT_PROTOTYPES = YES;
				CLANG_WARN_SUSPICIOUS_MOVE = YES;
				CLANG_WARN_UNGUARDED_AVAILABILITY = YES_AGGRESSIVE;
				CLANG_WARN_UNREACHABLE_CODE = YES;
				CLANG_WARN__DUPLICATE_METHOD_MATCH = YES;
				COPY_PHASE_STRIP = NO;
				DEBUG_INFORMATION_FORMAT = dwarf;
				ENABLE_STRICT_OBJC_MSGSEND = YES;
				ENABLE_TESTABILITY = YES;
				GCC_C_LANGUAGE_STANDARD = gnu11;
				GCC_DYNAMIC_NO_PIC = NO;
				GCC_NO_COMMON_BLOCKS = YES;
				GCC_OPTIMIZATION_LEVEL = 0;
				GCC_PREPROCESSOR_DEFINITIONS = (
					"DEBUG=1",
					"$(inherited)",
				);
				GCC_WARN_64_TO_32_BIT_CONVERSION = YES;
				GCC_WARN_ABOUT_RETURN_TYPE = YES_ERROR;
				GCC_WARN_UNDECLARED_SELECTOR = YES;
				GCC_WARN_UNINITIALIZED_AUTOS = YES_AGGRESSIVE;
				GCC_WARN_UNUSED_FUNCTION = YES;
				GCC_WARN_UNUSED_VARIABLE = YES;
				IPHONEOS_DEPLOYMENT_TARGET = 14.5;
				MTL_ENABLE_DEBUG_INFO = INCLUDE_SOURCE;
				MTL_FAST_MATH = YES;
				ONLY_ACTIVE_ARCH = YES;
				SDKROOT = iphoneos;
				SWIFT_ACTIVE_COMPILATION_CONDITIONS = DEBUG;
				SWIFT_OPTIMIZATION_LEVEL = "-Onone";
			};
			name = Debug;
		};
		BB360C8D26AB3E46003B6CAF /* Release */ = {
			isa = XCBuildConfiguration;
			buildSettings = {
				ALWAYS_SEARCH_USER_PATHS = NO;
				CLANG_ANALYZER_NONNULL = YES;
				CLANG_ANALYZER_NUMBER_OBJECT_CONVERSION = YES_AGGRESSIVE;
				CLANG_CXX_LANGUAGE_STANDARD = "gnu++14";
				CLANG_CXX_LIBRARY = "libc++";
				CLANG_ENABLE_MODULES = YES;
				CLANG_ENABLE_OBJC_ARC = YES;
				CLANG_ENABLE_OBJC_WEAK = YES;
				CLANG_WARN_BLOCK_CAPTURE_AUTORELEASING = YES;
				CLANG_WARN_BOOL_CONVERSION = YES;
				CLANG_WARN_COMMA = YES;
				CLANG_WARN_CONSTANT_CONVERSION = YES;
				CLANG_WARN_DEPRECATED_OBJC_IMPLEMENTATIONS = YES;
				CLANG_WARN_DIRECT_OBJC_ISA_USAGE = YES_ERROR;
				CLANG_WARN_DOCUMENTATION_COMMENTS = YES;
				CLANG_WARN_EMPTY_BODY = YES;
				CLANG_WARN_ENUM_CONVERSION = YES;
				CLANG_WARN_INFINITE_RECURSION = YES;
				CLANG_WARN_INT_CONVERSION = YES;
				CLANG_WARN_NON_LITERAL_NULL_CONVERSION = YES;
				CLANG_WARN_OBJC_IMPLICIT_RETAIN_SELF = YES;
				CLANG_WARN_OBJC_LITERAL_CONVERSION = YES;
				CLANG_WARN_OBJC_ROOT_CLASS = YES_ERROR;
				CLANG_WARN_QUOTED_INCLUDE_IN_FRAMEWORK_HEADER = YES;
				CLANG_WARN_RANGE_LOOP_ANALYSIS = YES;
				CLANG_WARN_STRICT_PROTOTYPES = YES;
				CLANG_WARN_SUSPICIOUS_MOVE = YES;
				CLANG_WARN_UNGUARDED_AVAILABILITY = YES_AGGRESSIVE;
				CLANG_WARN_UNREACHABLE_CODE = YES;
				CLANG_WARN__DUPLICATE_METHOD_MATCH = YES;
				COPY_PHASE_STRIP = NO;
				DEBUG_INFORMATION_FORMAT = "dwarf-with-dsym";
				ENABLE_NS_ASSERTIONS = NO;
				ENABLE_STRICT_OBJC_MSGSEND = YES;
				GCC_C_LANGUAGE_STANDARD = gnu11;
				GCC_NO_COMMON_BLOCKS = YES;
				GCC_WARN_64_TO_32_BIT_CONVERSION = YES;
				GCC_WARN_ABOUT_RETURN_TYPE = YES_ERROR;
				GCC_WARN_UNDECLARED_SELECTOR = YES;
				GCC_WARN_UNINITIALIZED_AUTOS = YES_AGGRESSIVE;
				GCC_WARN_UNUSED_FUNCTION = YES;
				GCC_WARN_UNUSED_VARIABLE = YES;
				IPHONEOS_DEPLOYMENT_TARGET = 14.5;
				MTL_ENABLE_DEBUG_INFO = NO;
				MTL_FAST_MATH = YES;
				SDKROOT = iphoneos;
				SWIFT_COMPILATION_MODE = wholemodule;
				SWIFT_OPTIMIZATION_LEVEL = "-O";
				VALIDATE_PRODUCT = YES;
			};
			name = Release;
		};
		BB360C8F26AB3E46003B6CAF /* Debug */ = {
			isa = XCBuildConfiguration;
			buildSettings = {
				ASSETCATALOG_COMPILER_APPICON_NAME = AppIcon;
				ASSETCATALOG_COMPILER_GLOBAL_ACCENT_COLOR_NAME = AccentColor;
				CODE_SIGN_ENTITLEMENTS = Mobelux/Mobelux.entitlements;
				"CODE_SIGN_IDENTITY[sdk=macosx*]" = "Apple Development";
				CODE_SIGN_STYLE = Automatic;
				DEVELOPMENT_TEAM = 65DA2F438H;
				INFOPLIST_FILE = Mobelux/Info.plist;
				IPHONEOS_DEPLOYMENT_TARGET = 13.6;
				LD_RUNPATH_SEARCH_PATHS = (
					"$(inherited)",
					"@executable_path/Frameworks",
				);
				PRODUCT_BUNDLE_IDENTIFIER = com.chaseangelogiles.Mobelux;
				PRODUCT_NAME = "$(TARGET_NAME)";
				SUPPORTS_MACCATALYST = YES;
				SWIFT_VERSION = 5.0;
				TARGETED_DEVICE_FAMILY = "1,2";
			};
			name = Debug;
		};
		BB360C9026AB3E46003B6CAF /* Release */ = {
			isa = XCBuildConfiguration;
			buildSettings = {
				ASSETCATALOG_COMPILER_APPICON_NAME = AppIcon;
				ASSETCATALOG_COMPILER_GLOBAL_ACCENT_COLOR_NAME = AccentColor;
				CODE_SIGN_ENTITLEMENTS = Mobelux/Mobelux.entitlements;
				CODE_SIGN_STYLE = Automatic;
				DEVELOPMENT_TEAM = 65DA2F438H;
				INFOPLIST_FILE = Mobelux/Info.plist;
				IPHONEOS_DEPLOYMENT_TARGET = 13.6;
				LD_RUNPATH_SEARCH_PATHS = (
					"$(inherited)",
					"@executable_path/Frameworks",
				);
				PRODUCT_BUNDLE_IDENTIFIER = com.chaseangelogiles.Mobelux;
				PRODUCT_NAME = "$(TARGET_NAME)";
				SUPPORTS_MACCATALYST = YES;
				SWIFT_VERSION = 5.0;
				TARGETED_DEVICE_FAMILY = "1,2";
			};
			name = Release;
		};
/* End XCBuildConfiguration section */

/* Begin XCConfigurationList section */
		BB360C7526AB3E45003B6CAF /* Build configuration list for PBXProject "Mobelux" */ = {
			isa = XCConfigurationList;
			buildConfigurations = (
				BB360C8C26AB3E46003B6CAF /* Debug */,
				BB360C8D26AB3E46003B6CAF /* Release */,
			);
			defaultConfigurationIsVisible = 0;
			defaultConfigurationName = Release;
		};
		BB360C8E26AB3E46003B6CAF /* Build configuration list for PBXNativeTarget "Mobelux" */ = {
			isa = XCConfigurationList;
			buildConfigurations = (
				BB360C8F26AB3E46003B6CAF /* Debug */,
				BB360C9026AB3E46003B6CAF /* Release */,
			);
			defaultConfigurationIsVisible = 0;
			defaultConfigurationName = Release;
		};
/* End XCConfigurationList section */
	};
	rootObject = BB360C7226AB3E45003B6CAF /* Project object */;
}
